
Microsoft Visual Studio Solution File, Format Version 12.00
# Visual Studio 15
VisualStudioVersion = 15.0.28010.2026
MinimumVisualStudioVersion = 10.0.40219.1
Project("{FAE04EC0-301F-11D3-BF4B-00C04F79EFBC}") = "FieldServices.Logging.Runner", "FieldServices.Logging.Runner\FieldServices.Logging.Runner.csproj", "{4E4E4094-27DA-4AD0-B430-39D19A795415}"
EndProject
Global
	GlobalSection(SolutionConfigurationPlatforms) = preSolution
		Debug|Any CPU = Debug|Any CPU
		Release|Any CPU = Release|Any CPU
	EndGlobalSection
	GlobalSection(ProjectConfigurationPlatforms) = postSolution
		{4E4E4094-27DA-4AD0-B430-39D19A795415}.Debug|Any CPU.ActiveCfg = Debug|Any CPU
		{4E4E4094-27DA-4AD0-B430-39D19A795415}.Debug|Any CPU.Build.0 = Debug|Any CPU
		{4E4E4094-27DA-4AD0-B430-39D19A795415}.Release|Any CPU.ActiveCfg = Release|Any CPU
		{4E4E4094-27DA-4AD0-B430-39D19A795415}.Release|Any CPU.Build.0 = Release|Any CPU
	EndGlobalSection
	GlobalSection(SolutionProperties) = preSolution
		HideSolutionNode = FALSE
	EndGlobalSection
	GlobalSection(ExtensibilityGlobals) = postSolution
		SolutionGuid = {62201753-878A-41B8-A149-572B27C58630}
	EndGlobalSection
EndGlobal
