
Microsoft Visual Studio Solution File, Format Version 12.00
# Visual Studio 15
VisualStudioVersion = 15.0.28010.2046
MinimumVisualStudioVersion = 10.0.40219.1
Project("{FAE04EC0-301F-11D3-BF4B-00C04F79EFBC}") = "FirstKey.D365.Plug-Ins", "FirstKey.D365.Plug-Ins\FirstKey.D365.Plug-Ins.csproj", "{B9D64261-79DD-4D5F-BAED-D882EDDC9F4E}"
EndProject
Project("{FAE04EC0-301F-11D3-BF4B-00C04F79EFBC}") = "PlugInTest", "PlugInTest\PlugInTest.csproj", "{65666DAA-C3FF-4946-89EF-408D929D2C89}"
EndProject
Project("{FAE04EC0-301F-11D3-BF4B-00C04F79EFBC}") = "Firstkey.D365.WorkflowActivity", "Firstkey.D365.WorkflowActivity\Firstkey.D365.WorkflowActivity.csproj", "{87A3830F-58DA-4CE9-B581-7A411AB1B2CA}"
EndProject
Project("{FAE04EC0-301F-11D3-BF4B-00C04F79EFBC}") = "ChangeUserAccessMode", "ChangeUserAccessMode\ChangeUserAccessMode.csproj", "{54909DC6-D4E4-4791-B5BD-6097F2E8F965}"
EndProject
Global
	GlobalSection(SolutionConfigurationPlatforms) = preSolution
		Debug|Any CPU = Debug|Any CPU
		Release|Any CPU = Release|Any CPU
	EndGlobalSection
	GlobalSection(ProjectConfigurationPlatforms) = postSolution
		{B9D64261-79DD-4D5F-BAED-D882EDDC9F4E}.Debug|Any CPU.ActiveCfg = Debug|Any CPU
		{B9D64261-79DD-4D5F-BAED-D882EDDC9F4E}.Debug|Any CPU.Build.0 = Debug|Any CPU
		{B9D64261-79DD-4D5F-BAED-D882EDDC9F4E}.Release|Any CPU.ActiveCfg = Release|Any CPU
		{B9D64261-79DD-4D5F-BAED-D882EDDC9F4E}.Release|Any CPU.Build.0 = Release|Any CPU
		{65666DAA-C3FF-4946-89EF-408D929D2C89}.Debug|Any CPU.ActiveCfg = Debug|Any CPU
		{65666DAA-C3FF-4946-89EF-408D929D2C89}.Debug|Any CPU.Build.0 = Debug|Any CPU
		{65666DAA-C3FF-4946-89EF-408D929D2C89}.Release|Any CPU.ActiveCfg = Release|Any CPU
		{65666DAA-C3FF-4946-89EF-408D929D2C89}.Release|Any CPU.Build.0 = Release|Any CPU
		{87A3830F-58DA-4CE9-B581-7A411AB1B2CA}.Debug|Any CPU.ActiveCfg = Debug|Any CPU
		{87A3830F-58DA-4CE9-B581-7A411AB1B2CA}.Debug|Any CPU.Build.0 = Debug|Any CPU
		{87A3830F-58DA-4CE9-B581-7A411AB1B2CA}.Release|Any CPU.ActiveCfg = Release|Any CPU
		{87A3830F-58DA-4CE9-B581-7A411AB1B2CA}.Release|Any CPU.Build.0 = Release|Any CPU
		{54909DC6-D4E4-4791-B5BD-6097F2E8F965}.Debug|Any CPU.ActiveCfg = Debug|Any CPU
		{54909DC6-D4E4-4791-B5BD-6097F2E8F965}.Debug|Any CPU.Build.0 = Debug|Any CPU
		{54909DC6-D4E4-4791-B5BD-6097F2E8F965}.Release|Any CPU.ActiveCfg = Release|Any CPU
		{54909DC6-D4E4-4791-B5BD-6097F2E8F965}.Release|Any CPU.Build.0 = Release|Any CPU
	EndGlobalSection
	GlobalSection(SolutionProperties) = preSolution
		HideSolutionNode = FALSE
	EndGlobalSection
	GlobalSection(ExtensibilityGlobals) = postSolution
		SolutionGuid = {D7F88726-859C-4E00-952E-7C994EC2ED76}
	EndGlobalSection
EndGlobal
