
Microsoft Visual Studio Solution File, Format Version 12.00
# Visual Studio 15
VisualStudioVersion = 15.0.26228.4
MinimumVisualStudioVersion = 10.0.40219.1
Project("{FAE04EC0-301F-11D3-BF4B-00C04F79EFBC}") = "FirstKeyHomes.D365.Integration.PlugIns", "FirstKeyHomes.D365.Integration.PlugIns\FirstKeyHomes.D365.Integration.PlugIns.csproj", "{21EA991D-4CD0-4C92-99E2-CCB0C03B2C38}"
EndProject
Project("{FAE04EC0-301F-11D3-BF4B-00C04F79EFBC}") = "AzureTest", "AzureTest\AzureTest.csproj", "{A8A983AC-376B-442A-9D25-042A03FC2147}"
EndProject
Global
	GlobalSection(SolutionConfigurationPlatforms) = preSolution
		Debug|Any CPU = Debug|Any CPU
		Release|Any CPU = Release|Any CPU
	EndGlobalSection
	GlobalSection(ProjectConfigurationPlatforms) = postSolution
		{21EA991D-4CD0-4C92-99E2-CCB0C03B2C38}.Debug|Any CPU.ActiveCfg = Debug|Any CPU
		{21EA991D-4CD0-4C92-99E2-CCB0C03B2C38}.Debug|Any CPU.Build.0 = Debug|Any CPU
		{21EA991D-4CD0-4C92-99E2-CCB0C03B2C38}.Release|Any CPU.ActiveCfg = Release|Any CPU
		{21EA991D-4CD0-4C92-99E2-CCB0C03B2C38}.Release|Any CPU.Build.0 = Release|Any CPU
		{A8A983AC-376B-442A-9D25-042A03FC2147}.Debug|Any CPU.ActiveCfg = Debug|Any CPU
		{A8A983AC-376B-442A-9D25-042A03FC2147}.Debug|Any CPU.Build.0 = Debug|Any CPU
		{A8A983AC-376B-442A-9D25-042A03FC2147}.Release|Any CPU.ActiveCfg = Release|Any CPU
		{A8A983AC-376B-442A-9D25-042A03FC2147}.Release|Any CPU.Build.0 = Release|Any CPU
	EndGlobalSection
	GlobalSection(SolutionProperties) = preSolution
		HideSolutionNode = FALSE
	EndGlobalSection
EndGlobal
